
Microsoft Visual Studio Solution File, Format Version 12.00
# Visual Studio Version 16
VisualStudioVersion = 16.0.30804.86
MinimumVisualStudioVersion = 10.0.40219.1
Project("{9A19103F-16F7-4668-BE54-9A1E7A4F7556}") = "OverScript", "OverScript\OverScript.csproj", "{F9C16F74-1036-4D09-AC4A-6F12D6EC94C0}"
EndProject
Global
	GlobalSection(SolutionConfigurationPlatforms) = preSolution
		Debug|Any CPU = Debug|Any CPU
		ExceptionsON|Any CPU = ExceptionsON|Any CPU
		Release|Any CPU = Release|Any CPU
	EndGlobalSection
	GlobalSection(ProjectConfigurationPlatforms) = postSolution
		{F9C16F74-1036-4D09-AC4A-6F12D6EC94C0}.Debug|Any CPU.ActiveCfg = Debug|Any CPU
		{F9C16F74-1036-4D09-AC4A-6F12D6EC94C0}.Debug|Any CPU.Build.0 = Debug|Any CPU
		{F9C16F74-1036-4D09-AC4A-6F12D6EC94C0}.ExceptionsON|Any CPU.ActiveCfg = ExceptionsON|Any CPU
		{F9C16F74-1036-4D09-AC4A-6F12D6EC94C0}.ExceptionsON|Any CPU.Build.0 = ExceptionsON|Any CPU
		{F9C16F74-1036-4D09-AC4A-6F12D6EC94C0}.Release|Any CPU.ActiveCfg = Release|Any CPU
		{F9C16F74-1036-4D09-AC4A-6F12D6EC94C0}.Release|Any CPU.Build.0 = Release|Any CPU
	EndGlobalSection
	GlobalSection(SolutionProperties) = preSolution
		HideSolutionNode = FALSE
	EndGlobalSection
	GlobalSection(ExtensibilityGlobals) = postSolution
		SolutionGuid = {F33296E3-5C0C-40DC-9CAF-C2AC02807EC8}
	EndGlobalSection
EndGlobal
